<Solution>
  <Folder Name="/CodeGen/">
    <Project Path="src/Cheetah.Generators.Core/Cheetah.Generators.Core.csproj" />
  </Folder>
  <Folder Name="/Core/">
    <Project Path="src/Cheetah.AspNetCore/Cheetah.AspNetCore.csproj" />
    <Project Path="src/Cheetah.Core.Cache/Cheetah.Core.Cache.csproj" />
    <Project Path="src/Cheetah.Core.CQRS/Cheetah.Core.CQRS.csproj" />
    <Project Path="src/Cheetah.Core.DataAccess/Cheetah.Core.DataAccess.csproj" />
    <Project Path="src/Cheetah.Core.Domain/Cheetah.Core.Domain.csproj" />
    <Project Path="src/Cheetah.Core.EntityFramework/Cheetah.Core.EntityFramework.csproj" />
    <Project Path="src/Cheetah.Core.Events/Cheetah.Core.Events.csproj" />
    <Project Path="src/Cheetah.Core.Tenants/Cheetah.Core.Tenants.csproj" />
    <Project Path="src/Cheetah.Core/Cheetah.Core.csproj" />
    <Project Path="src/Cheetah.CQRS.Dispatcher/Cheetah.CQRS.Dispatcher.csproj" />
    <Project Path="src/Cheetah.Mapping.Core/Cheetah.Mapping.Core.csproj" />
    <Project Path="src/Cheetah.Mapping.Mapster/Cheetah.Mapping.Mapster.csproj" />
  </Folder>
  <Folder Name="/Core/Backend/">
    <Project Path="src/Cheetah.OpenApi/Cheetah.OpenApi.csproj" />
    <Project Path="src/Cheetah.Scalar/Cheetah.Scalar.csproj" />
  </Folder>
  <Folder Name="/Modules/" />
  <Project Path="src/Cheetah.Crm/Cheetah.Crm.csproj" />
</Solution>
