<Solution>
  <Folder Name="/Core/">
    <Project Path="src/Cheetah.Core.Cache/Cheetah.Core.Cache.csproj" />
    <Project Path="src/Cheetah.Core.CQRS/Cheetah.Core.CQRS.csproj" />
    <Project Path="src/Cheetah.Core.DataAccess/Cheetah.Core.DataAccess.csproj" />
    <Project Path="src/Cheetah.Core.Domain/Cheetah.Core.Domain.csproj" />
    <Project Path="src/Cheetah.Core.EntityFramework/Cheetah.Core.EntityFramework.csproj" />
    <Project Path="src/Cheetah.Core.Events/Cheetah.Core.Events.csproj" />
    <Project Path="src/Cheetah.Core.Tenants/Cheetah.Core.Tenants.csproj" />
    <Project Path="src/Cheetah.Core/Cheetah.Core.csproj" />
    <Project Path="src/Cheetah.CQRS.Dispatcher/Cheetah.CQRS.Dispatcher.csproj" />
    <Project Path="src/Cheetah.Mapping.Core/Cheetah.Mapping.Core.csproj" />
    <Project Path="src/Cheetah.Mapping.Mapster/Cheetah.Mapping.Mapster.csproj" />
  </Folder>
</Solution>
