<Solution>
    <Folder Name="/CodeGen/">
        <Project Path="src/Cheetah.Analyzers.Tests/Cheetah.Analyzers.Tests.csproj" />
        <Project Path="src/Cheetah.Analyzers/Cheetah.Analyzers.csproj" />
        <Project Path="src/Cheetah.BackgroundTasks.Tests/Cheetah.BackgroundTasks.Tests.csproj" />
        <Project Path="src/Cheetah.Generators.ApiClient/Cheetah.Generators.ApiClient.csproj" />
        <Project Path="src/Cheetah.Generators.Application/Cheetah.Generators.Application.csproj" />
        <Project Path="src/Cheetah.Generators.Common/Cheetah.Generators.Common.csproj" />
        <Project Path="src/Cheetah.Generators.Core/Cheetah.Generators.Core.csproj" />
        <Project Path="src/Cheetah.Generators.Endpoints/Cheetah.Generators.Endpoints.csproj" />
        <Project Path="src/Cheetah.Generators.Module/Cheetah.Generators.Module.csproj" />
    </Folder>
    <Folder Name="/Core/">
        <Project Path="src/Cheetah.AspNetCore.Contracts/Cheetah.AspNetCore.Contracts.csproj" />
        <Project Path="src/Cheetah.AspNetCore/Cheetah.AspNetCore.csproj" />
        <Project Path="src/Cheetah.Backend.Events.InMemory/Cheetah.Backend.Events.InMemory.csproj" />
        <Project Path="src/Cheetah.Contracts/Cheetah.Contracts.csproj" />
        <Project Path="src/Cheetah.Core.Cache/Cheetah.Core.Cache.csproj" />
        <Project Path="src/Cheetah.Core.CQRS/Cheetah.Core.CQRS.csproj" />
        <Project Path="src/Cheetah.Core.DataAccess/Cheetah.Core.DataAccess.csproj" />
        <Project Path="src/Cheetah.Core.Domain/Cheetah.Core.Domain.csproj" />
        <Project Path="src/Cheetah.Core.EntityFramework.MsSql/Cheetah.Core.EntityFramework.MsSql.csproj" />
        <Project Path="src/Cheetah.Core.EntityFramework.MySql/Cheetah.Core.EntityFramework.MySql.csproj" />
        <Project Path="src/Cheetah.Core.EntityFramework.PostgreSql/Cheetah.Core.EntityFramework.PostgreSql.csproj" />
        <Project Path="src/Cheetah.Core.EntityFramework.Tenants/Cheetah.Core.EntityFramework.Tenants.csproj" />
        <Project Path="src/Cheetah.Core.EntityFramework/Cheetah.Core.EntityFramework.csproj" />
        <Project Path="src/Cheetah.Core.Events/Cheetah.Core.Events.csproj" />
        <Project Path="src/Cheetah.Core.Grid/Cheetah.Core.Grid.csproj" />
        <Project Path="src/Cheetah.Core.Security/Cheetah.Core.Security.csproj" />
        <Project Path="src/Cheetah.Core.Specification/Cheetah.Core.Specification.csproj" />
        <Project Path="src/Cheetah.Core.Tenants/Cheetah.Core.Tenants.csproj" />
        <Project Path="src/Cheetah.Core/Cheetah.Core.csproj" />
        <Project Path="src/Cheetah.CQRS.Dispatcher/Cheetah.CQRS.Dispatcher.csproj" />
        <Project Path="src/Cheetah.Mapping.Core/Cheetah.Mapping.Core.csproj" />
        <Project Path="src/Cheetah.Mapping.Mapster/Cheetah.Mapping.Mapster.csproj" />
    </Folder>
    <Folder Name="/Core/Backend/">
        <Project Path="src/Cheetah.Backend.CQRS/Cheetah.Backend.CQRS.csproj" />
        <Project Path="src/Cheetah.Backend.Endpoints/Cheetah.Backend.Endpoints.csproj" />
        <Project Path="src/Cheetah.Backend.Events.Redis/Cheetah.Backend.Events.Redis.csproj" />
        <Project Path="src/Cheetah.Backend.Jwt/Cheetah.Backend.Jwt.csproj" />
        <Project Path="src/Cheetah.Backend.Jwt.Abstractions/Cheetah.Backend.Jwt.Abstractions.csproj" />
        <Project Path="src/Cheetah.Backend.Redis/Cheetah.Backend.Redis.csproj" />
        <Project Path="src/Cheetah.Backend.ReverseProxy/Cheetah.Backend.ReverseProxy.csproj" />
        <Project Path="src/Cheetah.BackgroundTasks/Cheetah.BackgroundTasks.csproj" />
        <Project Path="src/Cheetah.OpenApi/Cheetah.OpenApi.csproj" />
        <Project Path="src/Cheetah.Scalar/Cheetah.Scalar.csproj" />
    </Folder>
    <Folder Name="/Modules/">
        <Project Path="src/Modules/Crm.Proxy/Crm.Proxy.csproj" />
    </Folder>
    <Folder Name="/Modules/Identity/">
        <Project Path="src/Modules/Identity/Cheetah.Modules.Identity.Api/Cheetah.Modules.Identity.Api.csproj" />
        <Project Path="src/Modules/Identity/Cheetah.Modules.Identity.Application/Cheetah.Modules.Identity.Application.csproj" />
        <Project Path="src/Modules/Identity/Cheetah.Modules.Identity.Contracts/Cheetah.Modules.Identity.Contracts.csproj" />
        <Project Path="src/Modules/Identity/Cheetah.Modules.Identity.DataAccess/Cheetah.Modules.Identity.DataAccess.csproj" />
        <Project Path="src/Modules/Identity/Cheetah.Modules.Identity.Domain/Cheetah.Modules.Identity.Domain.csproj" />
        <Project Path="src/Modules/Identity/Cheetah.Modules.Identity.DomainEvents/Cheetah.Modules.Identity.DomainEvents.csproj" />
    </Folder>
    <Folder Name="/Modules/Recruitment/" />
    <Folder Name="/Modules/Recruitment/Customer/">
        <Project Path="src/Modules/Customer/Crm.Customer.Api.Tests/Crm.Customer.Api.Tests.csproj" />
        <Project Path="src/Modules/Customer/Crm.Customer.Api/Crm.Customer.Api.csproj" />
        <Project Path="src/Modules/Customer/Crm.Customer.ApiClient.Tests/Crm.Customer.ApiClient.Tests.csproj" />
        <Project Path="src/Modules/Customer/Crm.Customer.ApiClient/Crm.Customer.ApiClient.csproj" />
        <Project Path="src/Modules/Customer/Crm.Customer.Application.Tests/Crm.Customer.Application.Tests.csproj" />
        <Project Path="src/Modules/Customer/Crm.Customer.Application/Crm.Customer.Application.csproj" />
        <Project Path="src/Modules/Customer/Crm.Customer.Contracts/Crm.Customer.Contracts.csproj" />
        <Project Path="src/Modules/Customer/Crm.Customer.DataAccess/Crm.Customer.DataAccess.csproj" />
        <Project Path="src/Modules/Customer/Crm.Customer.Domain.Tests/Crm.Customer.Domain.Tests.csproj" />
        <Project Path="src/Modules/Customer/Crm.Customer.Domain/Crm.Customer.Domain.csproj" />
        <Project Path="src/Modules/Customer/Crm.Customer.DomainEvents/Crm.Customer.DomainEvents.csproj" />
    </Folder>
    <Folder Name="/Modules/Recruitment/Identity/">
        <Project Path="src/Modules/Identity/Crm.Identity.Api.Tests/Crm.Identity.Api.Tests.csproj" />
        <Project Path="src/Modules/Identity/Crm.Identity.Api/Crm.Identity.Api.csproj" />
        <Project Path="src/Modules/Identity/Crm.Identity.ApiClient.Tests/Crm.Identity.ApiClient.Tests.csproj" />
        <Project Path="src/Modules/Identity/Crm.Identity.ApiClient/Crm.Identity.ApiClient.csproj" />
        <Project Path="src/Modules/Identity/Crm.Identity.Application.Tests/Crm.Identity.Application.Tests.csproj" />
        <Project Path="src/Modules/Identity/Crm.Identity.Application/Crm.Identity.Application.csproj" />
        <Project Path="src/Modules/Identity/Crm.Identity.Contracts/Crm.Identity.Contracts.csproj" />
        <Project Path="src/Modules/Identity/Crm.Identity.DataAccess/Crm.Identity.DataAccess.csproj" />
        <Project Path="src/Modules/Identity/Crm.Identity.Domain.Tests/Crm.Identity.Domain.Tests.csproj" />
        <Project Path="src/Modules/Identity/Crm.Identity.Domain/Crm.Identity.Domain.csproj" />
        <Project Path="src/Modules/Identity/Crm.Identity.DomainEvents/Crm.Identity.DomainEvents.csproj" />
    </Folder>
    <Folder Name="/Modules/Recruitment/MasterData/">
        <Project Path="src/Modules/MasterData/Crm.MasterData.Api.Tests/Crm.MasterData.Api.Tests.csproj" />
        <Project Path="src/Modules/MasterData/Crm.MasterData.Api/Crm.MasterData.Api.csproj" />
        <Project Path="src/Modules/MasterData/Crm.MasterData.ApiClient.Tests/Crm.MasterData.ApiClient.Tests.csproj" />
        <Project Path="src/Modules/MasterData/Crm.MasterData.ApiClient/Crm.MasterData.ApiClient.csproj" />
        <Project Path="src/Modules/MasterData/Crm.MasterData.Application.Tests/Crm.MasterData.Application.Tests.csproj" />
        <Project Path="src/Modules/MasterData/Crm.MasterData.Application/Crm.MasterData.Application.csproj" />
        <Project Path="src/Modules/MasterData/Crm.MasterData.Contracts/Crm.MasterData.Contracts.csproj" />
        <Project Path="src/Modules/MasterData/Crm.MasterData.DataAccess/Crm.MasterData.DataAccess.csproj" />
        <Project Path="src/Modules/MasterData/Crm.MasterData.Domain.Tests/Crm.MasterData.Domain.Tests.csproj" />
        <Project Path="src/Modules/MasterData/Crm.MasterData.Domain/Crm.MasterData.Domain.csproj" />
        <Project Path="src/Modules/MasterData/Crm.MasterData.DomainEvents/Crm.MasterData.DomainEvents.csproj" />
    </Folder>
    <Folder Name="/Solution Items/">
        <File Path="Directory.Build.props" />
        <File Path="Directory.Packages.props" />
        <File Path="docker-compose.yml" />
        <File Path="global.json" />
        <File Path="install-templates.ps1" />
        <File Path="nuget.config" />
        <File Path="pack.ps1" />
    </Folder>

    <Folder Name="/Tests/">
        <Project Path="src/Cheetah.Backend.Events.InMemory.Tests/Cheetah.Backend.Events.InMemory.Tests.csproj" />
        <Project Path="src/Cheetah.Backend.Events.Redis.Tests/Cheetah.Backend.Events.Redis.Tests.csproj" />
        <Project Path="src/Cheetah.Backend.Redis.Tests/Cheetah.Backend.Redis.Tests.csproj" />
        <Project Path="src/Cheetah.Core.Identity.Domain.Tests/Cheetah.Core.Identity.Domain.Tests.csproj" />
        <Project Path="src/Cheetah.Core.Tests/Cheetah.Core.Tests.csproj" />
        <Project Path="tests/Cheetah.Core.Specification.Tests/Cheetah.Core.Specification.Tests.csproj" />
        <Project Path="tests/Cheetah.Core.Tenants.Tests/Cheetah.Core.Tenants.Tests.csproj" />
        <Project Path="tests/Cheetah.Tests.Core/Cheetah.Tests.Core.csproj" />
    </Folder>
    <Project Path="Cheetah.ServiceDefaults/Cheetah.ServiceDefaults.csproj" />
</Solution>
